
Microsoft Visual Studio Solution File, Format Version 12.00
# Visual Studio Version 16
VisualStudioVersion = 16.0.30503.244
MinimumVisualStudioVersion = 10.0.40219.1
Project("{FAE04EC0-301F-11D3-BF4B-00C04F79EFBC}") = "NewsBlogBusinessLogic", "SUBD-NewsBlog\NewsBlogBusinessLogic.csproj", "{5544526A-6984-412D-A7E9-F1C4F12DD875}"
EndProject
Project("{2150E333-8FDC-42A3-9474-1A3956D46DE8}") = "Solution Items", "Solution Items", "{8A9865A8-11D4-4275-BCDB-C5F225ED6104}"
	ProjectSection(SolutionItems) = preProject
		config.txt = config.txt
	EndProjectSection
EndProject
Project("{FAE04EC0-301F-11D3-BF4B-00C04F79EFBC}") = "NewsBlogDatabaseImplement", "NewsBlogDatabaseImplement\NewsBlogDatabaseImplement.csproj", "{1839CADB-7CA8-4DE9-BA9E-9FF49443B072}"
EndProject
Project("{FAE04EC0-301F-11D3-BF4B-00C04F79EFBC}") = "NewsBlogView", "NewsBlogView\NewsBlogView.csproj", "{C2469CC8-A925-4746-AB59-3EDF3055F039}"
EndProject
Global
	GlobalSection(SolutionConfigurationPlatforms) = preSolution
		Debug|Any CPU = Debug|Any CPU
		Release|Any CPU = Release|Any CPU
	EndGlobalSection
	GlobalSection(ProjectConfigurationPlatforms) = postSolution
		{5544526A-6984-412D-A7E9-F1C4F12DD875}.Debug|Any CPU.ActiveCfg = Debug|Any CPU
		{5544526A-6984-412D-A7E9-F1C4F12DD875}.Debug|Any CPU.Build.0 = Debug|Any CPU
		{5544526A-6984-412D-A7E9-F1C4F12DD875}.Release|Any CPU.ActiveCfg = Release|Any CPU
		{5544526A-6984-412D-A7E9-F1C4F12DD875}.Release|Any CPU.Build.0 = Release|Any CPU
		{1839CADB-7CA8-4DE9-BA9E-9FF49443B072}.Debug|Any CPU.ActiveCfg = Debug|Any CPU
		{1839CADB-7CA8-4DE9-BA9E-9FF49443B072}.Debug|Any CPU.Build.0 = Debug|Any CPU
		{1839CADB-7CA8-4DE9-BA9E-9FF49443B072}.Release|Any CPU.ActiveCfg = Release|Any CPU
		{1839CADB-7CA8-4DE9-BA9E-9FF49443B072}.Release|Any CPU.Build.0 = Release|Any CPU
		{C2469CC8-A925-4746-AB59-3EDF3055F039}.Debug|Any CPU.ActiveCfg = Debug|Any CPU
		{C2469CC8-A925-4746-AB59-3EDF3055F039}.Debug|Any CPU.Build.0 = Debug|Any CPU
		{C2469CC8-A925-4746-AB59-3EDF3055F039}.Release|Any CPU.ActiveCfg = Release|Any CPU
		{C2469CC8-A925-4746-AB59-3EDF3055F039}.Release|Any CPU.Build.0 = Release|Any CPU
	EndGlobalSection
	GlobalSection(SolutionProperties) = preSolution
		HideSolutionNode = FALSE
	EndGlobalSection
	GlobalSection(ExtensibilityGlobals) = postSolution
		SolutionGuid = {9D00DD1F-E5F7-4697-9C00-24A2F5D161DF}
	EndGlobalSection
EndGlobal
